// !$*UTF8*$!
{
	archiveVersion = 1;
	classes = {
	};
	objectVersion = 56;
	objects = {

/* Begin PBXBuildFile section */
		CE75F2712C8B1501001AD0A3 /* KunstmuseumApp.swift in Sources */ = {isa = PBXBuildFile; fileRef = CE75F2702C8B1501001AD0A3 /* KunstmuseumApp.swift */; };
		CE75F2752C8B1502001AD0A3 /* Assets.xcassets in Resources */ = {isa = PBXBuildFile; fileRef = CE75F2742C8B1502001AD0A3 /* Assets.xcassets */; };
		CE75F2782C8B1502001AD0A3 /* Preview Assets.xcassets in Resources */ = {isa = PBXBuildFile; fileRef = CE75F2772C8B1502001AD0A3 /* Preview Assets.xcassets */; };
		FA286A202CB55911004BDA24 /* ArtObjectResponse.swift in Sources */ = {isa = PBXBuildFile; fileRef = FA286A1F2CB55911004BDA24 /* ArtObjectResponse.swift */; };
		FA286A222CB559D2004BDA24 /* ArtObject.swift in Sources */ = {isa = PBXBuildFile; fileRef = FA286A212CB559D2004BDA24 /* ArtObject.swift */; };
		FA286A242CB55E55004BDA24 /* ArtViewModel.swift in Sources */ = {isa = PBXBuildFile; fileRef = FA286A232CB55E55004BDA24 /* ArtViewModel.swift */; };
		FA286A262CB567B0004BDA24 /* ArtListView.swift in Sources */ = {isa = PBXBuildFile; fileRef = FA286A252CB567B0004BDA24 /* ArtListView.swift */; };
		FA41EA502CB69BCC00C2A85C /* FavoritesView.swift in Sources */ = {isa = PBXBuildFile; fileRef = FA41EA4F2CB69BCC00C2A85C /* FavoritesView.swift */; };
		FA8206892CB5E49A00D5D880 /* HomeView.swift in Sources */ = {isa = PBXBuildFile; fileRef = FA8206882CB5E49A00D5D880 /* HomeView.swift */; };
		FA9E56952CB5DE0700B278E1 /* KustmuseumAppStart.swift in Sources */ = {isa = PBXBuildFile; fileRef = FA9E56942CB5DE0700B278E1 /* KustmuseumAppStart.swift */; };
		FAB8FB272CB68BB200E13C8B /* ArtListDetailView.swift in Sources */ = {isa = PBXBuildFile; fileRef = FAB8FB262CB68BB200E13C8B /* ArtListDetailView.swift */; };
		FACCE3332CB7EE4A0035B0C8 /* ArtRepository.swift in Sources */ = {isa = PBXBuildFile; fileRef = FACCE3322CB7EE4A0035B0C8 /* ArtRepository.swift */; };
/* End PBXBuildFile section */

/* Begin PBXFileReference section */
		CE75F26D2C8B1501001AD0A3 /* Kunstmuseum.app */ = {isa = PBXFileReference; explicitFileType = wrapper.application; includeInIndex = 0; path = Kunstmuseum.app; sourceTree = BUILT_PRODUCTS_DIR; };
		CE75F2702C8B1501001AD0A3 /* KunstmuseumApp.swift */ = {isa = PBXFileReference; lastKnownFileType = sourcecode.swift; path = KunstmuseumApp.swift; sourceTree = "<group>"; };
		CE75F2742C8B1502001AD0A3 /* Assets.xcassets */ = {isa = PBXFileReference; lastKnownFileType = folder.assetcatalog; path = Assets.xcassets; sourceTree = "<group>"; };
		CE75F2772C8B1502001AD0A3 /* Preview Assets.xcassets */ = {isa = PBXFileReference; lastKnownFileType = folder.assetcatalog; path = "Preview Assets.xcassets"; sourceTree = "<group>"; };
		FA286A1F2CB55911004BDA24 /* ArtObjectResponse.swift */ = {isa = PBXFileReference; lastKnownFileType = sourcecode.swift; path = ArtObjectResponse.swift; sourceTree = "<group>"; };
		FA286A212CB559D2004BDA24 /* ArtObject.swift */ = {isa = PBXFileReference; lastKnownFileType = sourcecode.swift; path = ArtObject.swift; sourceTree = "<group>"; };
		FA286A232CB55E55004BDA24 /* ArtViewModel.swift */ = {isa = PBXFileReference; lastKnownFileType = sourcecode.swift; path = ArtViewModel.swift; sourceTree = "<group>"; };
		FA286A252CB567B0004BDA24 /* ArtListView.swift */ = {isa = PBXFileReference; lastKnownFileType = sourcecode.swift; path = ArtListView.swift; sourceTree = "<group>"; };
		FA41EA4F2CB69BCC00C2A85C /* FavoritesView.swift */ = {isa = PBXFileReference; lastKnownFileType = sourcecode.swift; path = FavoritesView.swift; sourceTree = "<group>"; };
		FA8206882CB5E49A00D5D880 /* HomeView.swift */ = {isa = PBXFileReference; lastKnownFileType = sourcecode.swift; path = HomeView.swift; sourceTree = "<group>"; };
		FA9E56942CB5DE0700B278E1 /* KustmuseumAppStart.swift */ = {isa = PBXFileReference; lastKnownFileType = sourcecode.swift; path = KustmuseumAppStart.swift; sourceTree = "<group>"; };
		FAB8FB262CB68BB200E13C8B /* ArtListDetailView.swift */ = {isa = PBXFileReference; lastKnownFileType = sourcecode.swift; path = ArtListDetailView.swift; sourceTree = "<group>"; };
		FACCE3322CB7EE4A0035B0C8 /* ArtRepository.swift */ = {isa = PBXFileReference; lastKnownFileType = sourcecode.swift; name = ArtRepository.swift; path = Kunstmuseum/Model/ArtRepository.swift; sourceTree = SOURCE_ROOT; };
/* End PBXFileReference section */

/* Begin PBXFrameworksBuildPhase section */
		CE75F26A2C8B1501001AD0A3 /* Frameworks */ = {
			isa = PBXFrameworksBuildPhase;
			buildActionMask = 2147483647;
			files = (
			);
			runOnlyForDeploymentPostprocessing = 0;
		};
/* End PBXFrameworksBuildPhase section */

/* Begin PBXGroup section */
		CE75F2642C8B1501001AD0A3 = {
			isa = PBXGroup;
			children = (
				CE75F26F2C8B1501001AD0A3 /* Kunstmuseum */,
				CE75F26E2C8B1501001AD0A3 /* Products */,
			);
			sourceTree = "<group>";
		};
		CE75F26E2C8B1501001AD0A3 /* Products */ = {
			isa = PBXGroup;
			children = (
				CE75F26D2C8B1501001AD0A3 /* Kunstmuseum.app */,
			);
			name = Products;
			sourceTree = "<group>";
		};
		CE75F26F2C8B1501001AD0A3 /* Kunstmuseum */ = {
			isa = PBXGroup;
			children = (
				FA286A1E2CB5570B004BDA24 /* Model */,
				FA286A1D2CB55704004BDA24 /* ViewModel */,
				FA286A1C2CB556EB004BDA24 /* View */,
				CE75F2742C8B1502001AD0A3 /* Assets.xcassets */,
				CE75F2762C8B1502001AD0A3 /* Preview Content */,
				CE75F2702C8B1501001AD0A3 /* KunstmuseumApp.swift */,
				FA9E56942CB5DE0700B278E1 /* KustmuseumAppStart.swift */,
			);
			path = Kunstmuseum;
			sourceTree = "<group>";
		};
		CE75F2762C8B1502001AD0A3 /* Preview Content */ = {
			isa = PBXGroup;
			children = (
				CE75F2772C8B1502001AD0A3 /* Preview Assets.xcassets */,
			);
			path = "Preview Content";
			sourceTree = "<group>";
		};
		FA286A1C2CB556EB004BDA24 /* View */ = {
			isa = PBXGroup;
			children = (
				FA8206882CB5E49A00D5D880 /* HomeView.swift */,
				FA286A252CB567B0004BDA24 /* ArtListView.swift */,
				FAB8FB262CB68BB200E13C8B /* ArtListDetailView.swift */,
				FA41EA4F2CB69BCC00C2A85C /* FavoritesView.swift */,
			);
			path = View;
			sourceTree = "<group>";
		};
		FA286A1D2CB55704004BDA24 /* ViewModel */ = {
			isa = PBXGroup;
			children = (
				FA286A232CB55E55004BDA24 /* ArtViewModel.swift */,
			);
			path = ViewModel;
			sourceTree = "<group>";
		};
		FA286A1E2CB5570B004BDA24 /* Model */ = {
			isa = PBXGroup;
			children = (
				FA286A1F2CB55911004BDA24 /* ArtObjectResponse.swift */,
				FA286A212CB559D2004BDA24 /* ArtObject.swift */,
				FACCE3322CB7EE4A0035B0C8 /* ArtRepository.swift */,
			);
			path = Model;
			sourceTree = "<group>";
		};
/* End PBXGroup section */

/* Begin PBXNativeTarget section */
		CE75F26C2C8B1501001AD0A3 /* Kunstmuseum */ = {
			isa = PBXNativeTarget;
			buildConfigurationList = CE75F27B2C8B1502001AD0A3 /* Build configuration list for PBXNativeTarget "Kunstmuseum" */;
			buildPhases = (
				CE75F2692C8B1501001AD0A3 /* Sources */,
				CE75F26A2C8B1501001AD0A3 /* Frameworks */,
				CE75F26B2C8B1501001AD0A3 /* Resources */,
			);
			buildRules = (
			);
			dependencies = (
			);
			name = Kunstmuseum;
			productName = Kunstmuseum;
			productReference = CE75F26D2C8B1501001AD0A3 /* Kunstmuseum.app */;
			productType = "com.apple.product-type.application";
		};
/* End PBXNativeTarget section */

/* Begin PBXProject section */
		CE75F2652C8B1501001AD0A3 /* Project object */ = {
			isa = PBXProject;
			attributes = {
				BuildIndependentTargetsInParallel = 1;
				LastSwiftUpdateCheck = 1540;
				LastUpgradeCheck = 1540;
				TargetAttributes = {
					CE75F26C2C8B1501001AD0A3 = {
						CreatedOnToolsVersion = 15.4;
					};
				};
			};
			buildConfigurationList = CE75F2682C8B1501001AD0A3 /* Build configuration list for PBXProject "Kunstmuseum" */;
			compatibilityVersion = "Xcode 14.0";
			developmentRegion = en;
			hasScannedForEncodings = 0;
			knownRegions = (
				en,
				Base,
			);
			mainGroup = CE75F2642C8B1501001AD0A3;
			productRefGroup = CE75F26E2C8B1501001AD0A3 /* Products */;
			projectDirPath = "";
			projectRoot = "";
			targets = (
				CE75F26C2C8B1501001AD0A3 /* Kunstmuseum */,
			);
		};
/* End PBXProject section */

/* Begin PBXResourcesBuildPhase section */
		CE75F26B2C8B1501001AD0A3 /* Resources */ = {
			isa = PBXResourcesBuildPhase;
			buildActionMask = 2147483647;
			files = (
				CE75F2782C8B1502001AD0A3 /* Preview Assets.xcassets in Resources */,
				CE75F2752C8B1502001AD0A3 /* Assets.xcassets in Resources */,
			);
			runOnlyForDeploymentPostprocessing = 0;
		};
/* End PBXResourcesBuildPhase section */

/* Begin PBXSourcesBuildPhase section */
		CE75F2692C8B1501001AD0A3 /* Sources */ = {
			isa = PBXSourcesBuildPhase;
			buildActionMask = 2147483647;
			files = (
				FA286A242CB55E55004BDA24 /* ArtViewModel.swift in Sources */,
				FA9E56952CB5DE0700B278E1 /* KustmuseumAppStart.swift in Sources */,
				FA8206892CB5E49A00D5D880 /* HomeView.swift in Sources */,
				FACCE3332CB7EE4A0035B0C8 /* ArtRepository.swift in Sources */,
				FAB8FB272CB68BB200E13C8B /* ArtListDetailView.swift in Sources */,
				CE75F2712C8B1501001AD0A3 /* KunstmuseumApp.swift in Sources */,
				FA286A222CB559D2004BDA24 /* ArtObject.swift in Sources */,
				FA286A202CB55911004BDA24 /* ArtObjectResponse.swift in Sources */,
				FA286A262CB567B0004BDA24 /* ArtListView.swift in Sources */,
				FA41EA502CB69BCC00C2A85C /* FavoritesView.swift in Sources */,
			);
			runOnlyForDeploymentPostprocessing = 0;
		};
/* End PBXSourcesBuildPhase section */

/* Begin XCBuildConfiguration section */
		CE75F2792C8B1502001AD0A3 /* Debug */ = {
			isa = XCBuildConfiguration;
			buildSettings = {
				ALWAYS_SEARCH_USER_PATHS = NO;
				ASSETCATALOG_COMPILER_GENERATE_SWIFT_ASSET_SYMBOL_EXTENSIONS = YES;
				CLANG_ANALYZER_NONNULL = YES;
				CLANG_ANALYZER_NUMBER_OBJECT_CONVERSION = YES_AGGRESSIVE;
				CLANG_CXX_LANGUAGE_STANDARD = "gnu++20";
				CLANG_ENABLE_MODULES = YES;
				CLANG_ENABLE_OBJC_ARC = YES;
				CLANG_ENABLE_OBJC_WEAK = YES;
				CLANG_WARN_BLOCK_CAPTURE_AUTORELEASING = YES;
				CLANG_WARN_BOOL_CONVERSION = YES;
				CLANG_WARN_COMMA = YES;
				CLANG_WARN_CONSTANT_CONVERSION = YES;
				CLANG_WARN_DEPRECATED_OBJC_IMPLEMENTATIONS = YES;
				CLANG_WARN_DIRECT_OBJC_ISA_USAGE = YES_ERROR;
				CLANG_WARN_DOCUMENTATION_COMMENTS = YES;
				CLANG_WARN_EMPTY_BODY = YES;
				CLANG_WARN_ENUM_CONVERSION = YES;
				CLANG_WARN_INFINITE_RECURSION = YES;
				CLANG_WARN_INT_CONVERSION = YES;
				CLANG_WARN_NON_LITERAL_NULL_CONVERSION = YES;
				CLANG_WARN_OBJC_IMPLICIT_RETAIN_SELF = YES;
				CLANG_WARN_OBJC_LITERAL_CONVERSION = YES;
				CLANG_WARN_OBJC_ROOT_CLASS = YES_ERROR;
				CLANG_WARN_QUOTED_INCLUDE_IN_FRAMEWORK_HEADER = YES;
				CLANG_WARN_RANGE_LOOP_ANALYSIS = YES;
				CLANG_WARN_STRICT_PROTOTYPES = YES;
				CLANG_WARN_SUSPICIOUS_MOVE = YES;
				CLANG_WARN_UNGUARDED_AVAILABILITY = YES_AGGRESSIVE;
				CLANG_WARN_UNREACHABLE_CODE = YES;
				CLANG_WARN__DUPLICATE_METHOD_MATCH = YES;
				COPY_PHASE_STRIP = NO;
				DEBUG_INFORMATION_FORMAT = dwarf;
				ENABLE_STRICT_OBJC_MSGSEND = YES;
				ENABLE_TESTABILITY = YES;
				ENABLE_USER_SCRIPT_SANDBOXING = YES;
				GCC_C_LANGUAGE_STANDARD = gnu17;
				GCC_DYNAMIC_NO_PIC = NO;
				GCC_NO_COMMON_BLOCKS = YES;
				GCC_OPTIMIZATION_LEVEL = 0;
				GCC_PREPROCESSOR_DEFINITIONS = (
					"DEBUG=1",
					"$(inherited)",
				);
				GCC_WARN_64_TO_32_BIT_CONVERSION = YES;
				GCC_WARN_ABOUT_RETURN_TYPE = YES_ERROR;
				GCC_WARN_UNDECLARED_SELECTOR = YES;
				GCC_WARN_UNINITIALIZED_AUTOS = YES_AGGRESSIVE;
				GCC_WARN_UNUSED_FUNCTION = YES;
				GCC_WARN_UNUSED_VARIABLE = YES;
				IPHONEOS_DEPLOYMENT_TARGET = 18.0;
				LOCALIZATION_PREFERS_STRING_CATALOGS = YES;
				MTL_ENABLE_DEBUG_INFO = INCLUDE_SOURCE;
				MTL_FAST_MATH = YES;
				ONLY_ACTIVE_ARCH = YES;
				SDKROOT = iphoneos;
				SWIFT_ACTIVE_COMPILATION_CONDITIONS = "DEBUG $(inherited)";
				SWIFT_OPTIMIZATION_LEVEL = "-Onone";
			};
			name = Debug;
		};
		CE75F27A2C8B1502001AD0A3 /* Release */ = {
			isa = XCBuildConfiguration;
			buildSettings = {
				ALWAYS_SEARCH_USER_PATHS = NO;
				ASSETCATALOG_COMPILER_GENERATE_SWIFT_ASSET_SYMBOL_EXTENSIONS = YES;
				CLANG_ANALYZER_NONNULL = YES;
				CLANG_ANALYZER_NUMBER_OBJECT_CONVERSION = YES_AGGRESSIVE;
				CLANG_CXX_LANGUAGE_STANDARD = "gnu++20";
				CLANG_ENABLE_MODULES = YES;
				CLANG_ENABLE_OBJC_ARC = YES;
				CLANG_ENABLE_OBJC_WEAK = YES;
				CLANG_WARN_BLOCK_CAPTURE_AUTORELEASING = YES;
				CLANG_WARN_BOOL_CONVERSION = YES;
				CLANG_WARN_COMMA = YES;
				CLANG_WARN_CONSTANT_CONVERSION = YES;
				CLANG_WARN_DEPRECATED_OBJC_IMPLEMENTATIONS = YES;
				CLANG_WARN_DIRECT_OBJC_ISA_USAGE = YES_ERROR;
				CLANG_WARN_DOCUMENTATION_COMMENTS = YES;
				CLANG_WARN_EMPTY_BODY = YES;
				CLANG_WARN_ENUM_CONVERSION = YES;
				CLANG_WARN_INFINITE_RECURSION = YES;
				CLANG_WARN_INT_CONVERSION = YES;
				CLANG_WARN_NON_LITERAL_NULL_CONVERSION = YES;
				CLANG_WARN_OBJC_IMPLICIT_RETAIN_SELF = YES;
				CLANG_WARN_OBJC_LITERAL_CONVERSION = YES;
				CLANG_WARN_OBJC_ROOT_CLASS = YES_ERROR;
				CLANG_WARN_QUOTED_INCLUDE_IN_FRAMEWORK_HEADER = YES;
				CLANG_WARN_RANGE_LOOP_ANALYSIS = YES;
				CLANG_WARN_STRICT_PROTOTYPES = YES;
				CLANG_WARN_SUSPICIOUS_MOVE = YES;
				CLANG_WARN_UNGUARDED_AVAILABILITY = YES_AGGRESSIVE;
				CLANG_WARN_UNREACHABLE_CODE = YES;
				CLANG_WARN__DUPLICATE_METHOD_MATCH = YES;
				COPY_PHASE_STRIP = NO;
				DEBUG_INFORMATION_FORMAT = "dwarf-with-dsym";
				ENABLE_NS_ASSERTIONS = NO;
				ENABLE_STRICT_OBJC_MSGSEND = YES;
				ENABLE_USER_SCRIPT_SANDBOXING = YES;
				GCC_C_LANGUAGE_STANDARD = gnu17;
				GCC_NO_COMMON_BLOCKS = YES;
				GCC_WARN_64_TO_32_BIT_CONVERSION = YES;
				GCC_WARN_ABOUT_RETURN_TYPE = YES_ERROR;
				GCC_WARN_UNDECLARED_SELECTOR = YES;
				GCC_WARN_UNINITIALIZED_AUTOS = YES_AGGRESSIVE;
				GCC_WARN_UNUSED_FUNCTION = YES;
				GCC_WARN_UNUSED_VARIABLE = YES;
				IPHONEOS_DEPLOYMENT_TARGET = 18.0;
				LOCALIZATION_PREFERS_STRING_CATALOGS = YES;
				MTL_ENABLE_DEBUG_INFO = NO;
				MTL_FAST_MATH = YES;
				SDKROOT = iphoneos;
				SWIFT_COMPILATION_MODE = wholemodule;
				VALIDATE_PRODUCT = YES;
			};
			name = Release;
		};
		CE75F27C2C8B1502001AD0A3 /* Debug */ = {
			isa = XCBuildConfiguration;
			buildSettings = {
				ASSETCATALOG_COMPILER_APPICON_NAME = AppIcon;
				ASSETCATALOG_COMPILER_GLOBAL_ACCENT_COLOR_NAME = AccentColor;
				CODE_SIGN_STYLE = Automatic;
				CURRENT_PROJECT_VERSION = 1;
				DEVELOPMENT_ASSET_PATHS = "\"Kunstmuseum/Preview Content\"";
				ENABLE_PREVIEWS = YES;
				GENERATE_INFOPLIST_FILE = YES;
				INFOPLIST_KEY_UIApplicationSceneManifest_Generation = YES;
				INFOPLIST_KEY_UIApplicationSupportsIndirectInputEvents = YES;
				INFOPLIST_KEY_UILaunchScreen_Generation = YES;
				INFOPLIST_KEY_UIStatusBarStyle = UIStatusBarStyleLightContent;
				INFOPLIST_KEY_UISupportedInterfaceOrientations = UIInterfaceOrientationPortrait;
				INFOPLIST_KEY_UISupportedInterfaceOrientations_iPad = "UIInterfaceOrientationLandscapeLeft UIInterfaceOrientationLandscapeRight UIInterfaceOrientationPortrait UIInterfaceOrientationPortraitUpsideDown";
				IPHONEOS_DEPLOYMENT_TARGET = 18.0;
				LD_RUNPATH_SEARCH_PATHS = (
					"$(inherited)",
					"@executable_path/Frameworks",
				);
				MARKETING_VERSION = 1.0;
				PRODUCT_BUNDLE_IDENTIFIER = "de.syntax-institut.Kunstmuseum";
				PRODUCT_NAME = "$(TARGET_NAME)";
				SUPPORTED_PLATFORMS = "iphoneos iphonesimulator";
				SUPPORTS_MACCATALYST = NO;
				SUPPORTS_MAC_DESIGNED_FOR_IPHONE_IPAD = NO;
				SUPPORTS_XR_DESIGNED_FOR_IPHONE_IPAD = NO;
				SWIFT_EMIT_LOC_STRINGS = YES;
				SWIFT_VERSION = 5.0;
				TARGETED_DEVICE_FAMILY = 1;
			};
			name = Debug;
		};
		CE75F27D2C8B1502001AD0A3 /* Release */ = {
			isa = XCBuildConfiguration;
			buildSettings = {
				ASSETCATALOG_COMPILER_APPICON_NAME = AppIcon;
				ASSETCATALOG_COMPILER_GLOBAL_ACCENT_COLOR_NAME = AccentColor;
				CODE_SIGN_STYLE = Automatic;
				CURRENT_PROJECT_VERSION = 1;
				DEVELOPMENT_ASSET_PATHS = "\"Kunstmuseum/Preview Content\"";
				ENABLE_PREVIEWS = YES;
				GENERATE_INFOPLIST_FILE = YES;
				INFOPLIST_KEY_UIApplicationSceneManifest_Generation = YES;
				INFOPLIST_KEY_UIApplicationSupportsIndirectInputEvents = YES;
				INFOPLIST_KEY_UILaunchScreen_Generation = YES;
				INFOPLIST_KEY_UIStatusBarStyle = UIStatusBarStyleLightContent;
				INFOPLIST_KEY_UISupportedInterfaceOrientations = UIInterfaceOrientationPortrait;
				INFOPLIST_KEY_UISupportedInterfaceOrientations_iPad = "UIInterfaceOrientationLandscapeLeft UIInterfaceOrientationLandscapeRight UIInterfaceOrientationPortrait UIInterfaceOrientationPortraitUpsideDown";
				IPHONEOS_DEPLOYMENT_TARGET = 18.0;
				LD_RUNPATH_SEARCH_PATHS = (
					"$(inherited)",
					"@executable_path/Frameworks",
				);
				MARKETING_VERSION = 1.0;
				PRODUCT_BUNDLE_IDENTIFIER = "de.syntax-institut.Kunstmuseum";
				PRODUCT_NAME = "$(TARGET_NAME)";
				SUPPORTED_PLATFORMS = "iphoneos iphonesimulator";
				SUPPORTS_MACCATALYST = NO;
				SUPPORTS_MAC_DESIGNED_FOR_IPHONE_IPAD = NO;
				SUPPORTS_XR_DESIGNED_FOR_IPHONE_IPAD = NO;
				SWIFT_EMIT_LOC_STRINGS = YES;
				SWIFT_VERSION = 5.0;
				TARGETED_DEVICE_FAMILY = 1;
			};
			name = Release;
		};
/* End XCBuildConfiguration section */

/* Begin XCConfigurationList section */
		CE75F2682C8B1501001AD0A3 /* Build configuration list for PBXProject "Kunstmuseum" */ = {
			isa = XCConfigurationList;
			buildConfigurations = (
				CE75F2792C8B1502001AD0A3 /* Debug */,
				CE75F27A2C8B1502001AD0A3 /* Release */,
			);
			defaultConfigurationIsVisible = 0;
			defaultConfigurationName = Release;
		};
		CE75F27B2C8B1502001AD0A3 /* Build configuration list for PBXNativeTarget "Kunstmuseum" */ = {
			isa = XCConfigurationList;
			buildConfigurations = (
				CE75F27C2C8B1502001AD0A3 /* Debug */,
				CE75F27D2C8B1502001AD0A3 /* Release */,
			);
			defaultConfigurationIsVisible = 0;
			defaultConfigurationName = Release;
		};
/* End XCConfigurationList section */
	};
	rootObject = CE75F2652C8B1501001AD0A3 /* Project object */;
}
